{
  "nodes": {
    "chaotic": {
      "inputs": {
        "compare-to": "compare-to",
        "home-manager": "home-manager",
        "nixpkgs": "nixpkgs"
      },
      "locked": {
        "lastModified": 1694087448,
        "narHash": "sha256-qPMllsm9QDl4vr0nGRprrfDRK5NdKLnVEAl5OJYzfN4=",
        "owner": "chaotic-cx",
        "repo": "nyx",
        "rev": "20d94fc4ed0e750dce1219c7596b9fe3b389d5fb",
        "type": "github"
      },
      "original": {
        "owner": "chaotic-cx",
        "ref": "nyxpkgs-unstable",
        "repo": "nyx",
        "type": "github"
      }
    },
    "compare-to": {
      "locked": {
        "lastModified": 1682262834,
        "narHash": "sha256-kailVn8ZiJ6yaHTLOTDtJKj8MFp/U/ncqYjNUrpryJ8=",
        "owner": "chaotic-cx",
        "repo": "nix-empty-flake",
        "rev": "211c8624d05494ab24993a59e7ddc2fad58305b3",
        "type": "github"
      },
      "original": {
        "owner": "chaotic-cx",
        "repo": "nix-empty-flake",
        "type": "github"
      }
    },
    "flake-programs-sqlite": {
      "inputs": {
        "nixpkgs": [
          "garuda-nixpkgs"
        ],
        "utils": "utils"
      },
      "locked": {
        "lastModified": 1694100759,
        "narHash": "sha256-ye52Ny2r33Z6m/uPM4gh+C7lmr8yaZgx+cthleaTV6U=",
        "owner": "wamserma",
        "repo": "flake-programs-sqlite",
        "rev": "497ec7572c375a1ec56da08952754f9fe8223d9f",
        "type": "github"
      },
      "original": {
        "owner": "wamserma",
        "repo": "flake-programs-sqlite",
        "type": "github"
      }
    },
    "home-manager": {
      "inputs": {
        "nixpkgs": [
          "chaotic",
          "nixpkgs"
        ]
      },
      "locked": {
        "lastModified": 1693972774,
        "narHash": "sha256-Dt9UZs0/DaIex598quYRYFuGabUbvFdNrHuvGc6HjBc=",
        "owner": "nix-community",
        "repo": "home-manager",
        "rev": "b22d7bab30076bbb73744867d6c5bf7d6380570c",
        "type": "github"
      },
      "original": {
        "owner": "nix-community",
        "repo": "home-manager",
        "type": "github"
      }
    },
    "home-manager_2": {
      "inputs": {
        "nixpkgs": [
          "garuda-nixpkgs"
        ]
      },
      "locked": {
        "lastModified": 1694134858,
        "narHash": "sha256-fG/ESauOGmiojKlpJG8gB62dJa5Wd+ZIuiDMKK/HD3g=",
        "owner": "nix-community",
        "repo": "home-manager",
        "rev": "19c6a4081b14443420358262f8416149bd79561a",
        "type": "github"
      },
      "original": {
        "owner": "nix-community",
        "ref": "master",
        "repo": "home-manager",
        "type": "github"
      }
    },
    "nixpkgs": {
      "locked": {
        "lastModified": 1693844670,
        "narHash": "sha256-t69F2nBB8DNQUWHD809oJZJVE+23XBrth4QZuVd6IE0=",
        "owner": "NixOS",
        "repo": "nixpkgs",
        "rev": "3c15feef7770eb5500a4b8792623e2d6f598c9c1",
        "type": "github"
      },
      "original": {
        "owner": "NixOS",
        "ref": "nixos-unstable",
        "repo": "nixpkgs",
        "type": "github"
      }
    },
    "root": {
      "inputs": {
        "chaotic": "chaotic",
        "flake-programs-sqlite": "flake-programs-sqlite",
        "garuda-nixpkgs": [
          "chaotic",
          "nixpkgs"
        ],
        "home-manager": "home-manager_2"
      }
    },
    "utils": {
      "locked": {
        "lastModified": 1678901627,
        "narHash": "sha256-U02riOqrKKzwjsxc/400XnElV+UtPUQWpANPlyazjH0=",
        "owner": "numtide",
        "repo": "flake-utils",
        "rev": "93a2b84fc4b70d9e089d029deacc3583435c2ed6",
        "type": "github"
      },
      "original": {
        "owner": "numtide",
        "repo": "flake-utils",
        "type": "github"
      }
    }
  },
  "root": "root",
  "version": 7
}
