{
  "nodes": {
    "nixpkgs": {
      "locked": {
        "lastModified": 1701253981,
        "narHash": "sha256-ztaDIyZ7HrTAfEEUt9AtTDNoCYxUdSd6NrRHaYOIxtk=",
        "rev": "e92039b55bcd58469325ded85d4f58dd5a4eaf58",
        "revCount": 554114,
        "type": "tarball",
        "url": "https://api.flakehub.com/f/pinned/NixOS/nixpkgs/0.1.554114%2Brev-e92039b55bcd58469325ded85d4f58dd5a4eaf58/018c246f-3485-7920-b58c-92909d475b54/source.tar.gz"
      },
      "original": {
        "owner": "NixOS",
        "repo": "nixpkgs",
        "type": "github"
      }
    },
    "root": {
      "inputs": {
        "nixpkgs": "nixpkgs"
      }
    }
  },
  "root": "root",
  "version": 7
}
