{
  "nodes": {
    "nixpkgs": {
      "locked": {
        "lastModified": 1708475490,
        "narHash": "sha256-g1v0TsWBQPX97ziznfJdWhgMyMGtoBFs102xSYO4syU=",
        "rev": "0e74ca98a74bc7270d28838369593635a5db3260",
        "revCount": 586498,
        "type": "tarball",
        "url": "https://api.flakehub.com/f/pinned/NixOS/nixpkgs/0.1.586498%2Brev-0e74ca98a74bc7270d28838369593635a5db3260/018dcbc4-1ad6-7f38-afde-437cae80102b/source.tar.gz"
      },
      "original": {
        "owner": "NixOS",
        "repo": "nixpkgs",
        "type": "github"
      }
    },
    "root": {
      "inputs": {
        "nixpkgs": "nixpkgs"
      }
    }
  },
  "root": "root",
  "version": 7
}
