{
  "nodes": {
    "nixpkgs": {
      "locked": {
        "lastModified": 1706371002,
        "narHash": "sha256-dwuorKimqSYgyu8Cw6ncKhyQjUDOyuXoxDTVmAXq88s=",
        "rev": "c002c6aa977ad22c60398daaa9be52f2203d0006",
        "revCount": 576949,
        "type": "tarball",
        "url": "https://api.flakehub.com/f/pinned/NixOS/nixpkgs/0.1.576949%2Brev-c002c6aa977ad22c60398daaa9be52f2203d0006/018d559d-9a3d-7239-b0a8-ac30145ac7f6/source.tar.gz"
      },
      "original": {
        "owner": "NixOS",
        "repo": "nixpkgs",
        "type": "github"
      }
    },
    "root": {
      "inputs": {
        "nixpkgs": "nixpkgs"
      }
    }
  },
  "root": "root",
  "version": 7
}
